<?xml version="1.0" encoding="utf-8"?>
<Project ToolsVersion="4.0" xmlns="http://schemas.microsoft.com/developer/msbuild/2003">
  <ItemGroup>
    <Filter Include="Source Files">
      <UniqueIdentifier>{4FC737F1-C7A5-4376-A066-2A32D752A2FF}</UniqueIdentifier>
      <Extensions>cpp;c;cc;cxx;def;odl;idl;hpj;bat;asm;asmx</Extensions>
    </Filter>
    <Filter Include="Header Files">
      <UniqueIdentifier>{93995380-89BD-4b04-88EB-625FBE52EBFB}</UniqueIdentifier>
      <Extensions>h;hpp;hxx;hm;inl;inc;xsd</Extensions>
    </Filter>
    <Filter Include="Resource Files">
      <UniqueIdentifier>{67DA6AB6-F800-4c08-8B7A-83BB121AAD01}</UniqueIdentifier>
      <Extensions>rc;ico;cur;bmp;dlg;rc2;rct;bin;rgs;gif;jpg;jpeg;jpe;resx;tiff;tif;png;wav;mfcribbon-ms</Extensions>
    </Filter>
  </ItemGroup>
  <ItemGroup>
    <ClInclude Include="FuncDef.h">
      <Filter>Header Files</Filter>
    </ClInclude>
    <ClInclude Include="Initializer.h">
      <Filter>Header Files</Filter>
    </ClInclude>
    <ClInclude Include="PSO_Alg.h">
      <Filter>Header Files</Filter>
    </ClInclude>
    <ClInclude Include="MPSO_Alg.h">
      <Filter>Header Files</Filter>
    </ClInclude>
    <ClInclude Include="ARPSO_Alg.h">
      <Filter>Header Files</Filter>
    </ClInclude>
    <ClInclude Include="PSOBC_Alg.h">
      <Filter>Header Files</Filter>
    </ClInclude>
    <ClInclude Include="DPSO_Alg.h">
      <Filter>Header Files</Filter>
    </ClInclude>
    <ClInclude Include="All_Alg.h">
      <Filter>Header Files</Filter>
    </ClInclude>
    <ClInclude Include="Alloc_Obj.h">
      <Filter>Header Files</Filter>
    </ClInclude>
    <ClInclude Include="DPSO_M_Alg.h">
      <Filter>Header Files</Filter>
    </ClInclude>
    <ClInclude Include="Boundary Handler.h">
      <Filter>Header Files</Filter>
    </ClInclude>
    <ClInclude Include="Para_Base.h">
      <Filter>Header Files</Filter>
    </ClInclude>
    <ClInclude Include="Rand_Val.h">
      <Filter>Header Files</Filter>
    </ClInclude>
    <ClInclude Include="Algo_DataStruct.h">
      <Filter>Header Files</Filter>
    </ClInclude>
    <ClInclude Include="IFEP_Alg.h">
      <Filter>Header Files</Filter>
    </ClInclude>
    <ClInclude Include="FEP_Alg.h">
      <Filter>Header Files</Filter>
    </ClInclude>
    <ClInclude Include="SDE_Alg.h">
      <Filter>Header Files</Filter>
    </ClInclude>
    <ClInclude Include="Batch_Conf.h">
      <Filter>Header Files</Filter>
    </ClInclude>
    <ClInclude Include="Cmdline_Para_Type.h">
      <Filter>Header Files</Filter>
    </ClInclude>
    <ClInclude Include="Scheduler.h">
      <Filter>Header Files</Filter>
    </ClInclude>
    <ClInclude Include="GA_Alg.h">
      <Filter>Header Files</Filter>
    </ClInclude>
    <ClInclude Include="SPDE_Alg.h">
      <Filter>Header Files</Filter>
    </ClInclude>
    <ClInclude Include="JDE.h">
      <Filter>Header Files</Filter>
    </ClInclude>
    <ClInclude Include="BBDE_Alg.h">
      <Filter>Header Files</Filter>
    </ClInclude>
    <ClInclude Include="MY_SDE_Alg.h">
      <Filter>Header Files</Filter>
    </ClInclude>
    <ClInclude Include="DE_Alg.h">
      <Filter>Header Files</Filter>
    </ClInclude>
    <ClInclude Include="EDE_Alg.h">
      <Filter>Header Files</Filter>
    </ClInclude>
    <ClInclude Include="DMDE_Alg.h">
      <Filter>Header Files</Filter>
    </ClInclude>
    <ClInclude Include="DE-EDA_Alg.h">
      <Filter>Header Files</Filter>
    </ClInclude>
    <ClInclude Include="EDA_Alg.h">
      <Filter>Header Files</Filter>
    </ClInclude>
    <ClInclude Include="MOP_Common.h">
      <Filter>Header Files</Filter>
    </ClInclude>
    <ClInclude Include="MOSADE_Alg.h">
      <Filter>Header Files</Filter>
    </ClInclude>
    <ClInclude Include="Problem_Base.h">
      <Filter>Header Files</Filter>
    </ClInclude>
    <ClInclude Include="Alg_Base.h">
      <Filter>Header Files</Filter>
    </ClInclude>
    <ClInclude Include="Output_Base.h">
      <Filter>Header Files</Filter>
    </ClInclude>
    <ClInclude Include="EDA_Para.h">
      <Filter>Header Files</Filter>
    </ClInclude>
    <ClInclude Include="PSO_Para.h">
      <Filter>Header Files</Filter>
    </ClInclude>
    <ClInclude Include="DE_Para.h">
      <Filter>Header Files</Filter>
    </ClInclude>
    <ClInclude Include="EP_Para.h">
      <Filter>Header Files</Filter>
    </ClInclude>
    <ClInclude Include="GA_Para.h">
      <Filter>Header Files</Filter>
    </ClInclude>
    <ClInclude Include="All_Para.h">
      <Filter>Header Files</Filter>
    </ClInclude>
    <ClInclude Include="Com_Alg.h">
      <Filter>Header Files</Filter>
    </ClInclude>
    <ClInclude Include="MODE_Alg.h">
      <Filter>Header Files</Filter>
    </ClInclude>
    <ClInclude Include="NSDE_Alg.h">
      <Filter>Header Files</Filter>
    </ClInclude>
  </ItemGroup>
  <ItemGroup>
    <ClCompile Include="Main.cpp">
      <Filter>Source Files</Filter>
    </ClCompile>
    <ClCompile Include="FuncDef.cpp">
      <Filter>Source Files</Filter>
    </ClCompile>
    <ClCompile Include="Initializer.cpp">
      <Filter>Source Files</Filter>
    </ClCompile>
    <ClCompile Include="PSO_Alg.cpp">
      <Filter>Source Files</Filter>
    </ClCompile>
    <ClCompile Include="MPSO_Alg.cpp">
      <Filter>Source Files</Filter>
    </ClCompile>
    <ClCompile Include="ARPSO_Alg.cpp">
      <Filter>Source Files</Filter>
    </ClCompile>
    <ClCompile Include="PSOBC_Alg.cpp">
      <Filter>Source Files</Filter>
    </ClCompile>
    <ClCompile Include="DPSO_Alg.cpp">
      <Filter>Source Files</Filter>
    </ClCompile>
    <ClCompile Include="Alloc_Obj.cpp">
      <Filter>Source Files</Filter>
    </ClCompile>
    <ClCompile Include="DPSO_M_Alg.cpp">
      <Filter>Source Files</Filter>
    </ClCompile>
    <ClCompile Include="Boundary Handler.cpp">
      <Filter>Source Files</Filter>
    </ClCompile>
    <ClCompile Include="Alg_DataStruct.cpp">
      <Filter>Source Files</Filter>
    </ClCompile>
    <ClCompile Include="IFEP_Alg.cpp">
      <Filter>Source Files</Filter>
    </ClCompile>
    <ClCompile Include="FEP_Alg.cpp">
      <Filter>Source Files</Filter>
    </ClCompile>
    <ClCompile Include="SDE_Alg.cpp">
      <Filter>Source Files</Filter>
    </ClCompile>
    <ClCompile Include="Batch_Conf.cpp">
      <Filter>Source Files</Filter>
    </ClCompile>
    <ClCompile Include="Para_Base.cpp">
      <Filter>Source Files</Filter>
    </ClCompile>
    <ClCompile Include="Scheduler.cpp">
      <Filter>Source Files</Filter>
    </ClCompile>
    <ClCompile Include="GA_Alg.cpp">
      <Filter>Source Files</Filter>
    </ClCompile>
    <ClCompile Include="SPDE_Alg.cpp">
      <Filter>Source Files</Filter>
    </ClCompile>
    <ClCompile Include="JDE.cpp">
      <Filter>Source Files</Filter>
    </ClCompile>
    <ClCompile Include="BBDE_Alg.cpp">
      <Filter>Source Files</Filter>
    </ClCompile>
    <ClCompile Include="DE_Alg.cpp">
      <Filter>Source Files</Filter>
    </ClCompile>
    <ClCompile Include="MY_SDE_Alg.cpp">
      <Filter>Source Files</Filter>
    </ClCompile>
    <ClCompile Include="EDE_Alg.cpp">
      <Filter>Source Files</Filter>
    </ClCompile>
    <ClCompile Include="DMDE_Alg.cpp">
      <Filter>Source Files</Filter>
    </ClCompile>
    <ClCompile Include="DE-EDA_Alg.cpp">
      <Filter>Source Files</Filter>
    </ClCompile>
    <ClCompile Include="EDA_Alg.cpp">
      <Filter>Source Files</Filter>
    </ClCompile>
    <ClCompile Include="MOP_Common.cpp">
      <Filter>Source Files</Filter>
    </ClCompile>
    <ClCompile Include="MOSADE_Alg.cpp">
      <Filter>Source Files</Filter>
    </ClCompile>
    <ClCompile Include="Problem_Base.cpp">
      <Filter>Source Files</Filter>
    </ClCompile>
    <ClCompile Include="Output_Base.cpp">
      <Filter>Source Files</Filter>
    </ClCompile>
    <ClCompile Include="EDA_Para.cpp">
      <Filter>Source Files</Filter>
    </ClCompile>
    <ClCompile Include="PSO_Para.cpp">
      <Filter>Source Files</Filter>
    </ClCompile>
    <ClCompile Include="DE_Para.cpp">
      <Filter>Source Files</Filter>
    </ClCompile>
    <ClCompile Include="EP_Para.cpp">
      <Filter>Source Files</Filter>
    </ClCompile>
    <ClCompile Include="GA_Para.cpp">
      <Filter>Source Files</Filter>
    </ClCompile>
    <ClCompile Include="MODE_Alg.cpp">
      <Filter>Source Files</Filter>
    </ClCompile>
    <ClCompile Include="NSDE_Alg.cpp">
      <Filter>Source Files</Filter>
    </ClCompile>
    <ClCompile Include="Rand_Val.cpp">
      <Filter>Source Files</Filter>
    </ClCompile>
  </ItemGroup>
  <ItemGroup>
    <None Include="class_hierarchy.cd">
      <Filter>Resource Files</Filter>
    </None>
  </ItemGroup>
</Project>